// !$*UTF8*$!
{
	archiveVersion = 1;
	classes = {
	};
	objectVersion = 46;
	objects = {

/* Begin PBXBuildFile section */
		62677F801CA6A2BF001E2B8A /* Storyboard.storyboard in Resources */ = {isa = PBXBuildFile; fileRef = 62677F7F1CA6A2BF001E2B8A /* Storyboard.storyboard */; };
		626780021CB78272001E2B8A /* README.md in Sources */ = {isa = PBXBuildFile; fileRef = 626780011CB78272001E2B8A /* README.md */; };
		626780151CBAB8DE001E2B8A /* index.html in Resources */ = {isa = PBXBuildFile; fileRef = 626780111CBAB8DE001E2B8A /* index.html */; };
		626780161CBAB8DE001E2B8A /* index.js in Resources */ = {isa = PBXBuildFile; fileRef = 626780121CBAB8DE001E2B8A /* index.js */; };
		626780171CBAB8DE001E2B8A /* JKWebView.m in Sources */ = {isa = PBXBuildFile; fileRef = 626780141CBAB8DE001E2B8A /* JKWebView.m */; };
		6267801A1CBAB9A3001E2B8A /* WebViewController.m in Sources */ = {isa = PBXBuildFile; fileRef = 626780191CBAB9A3001E2B8A /* WebViewController.m */; };
		626780321CBABA09001E2B8A /* NSString+Collection.m in Sources */ = {isa = PBXBuildFile; fileRef = 6267801E1CBABA09001E2B8A /* NSString+Collection.m */; };
		626780331CBABA09001E2B8A /* DownloadCell.m in Sources */ = {isa = PBXBuildFile; fileRef = 626780221CBABA09001E2B8A /* DownloadCell.m */; };
		626780341CBABA09001E2B8A /* DownloadCell.xib in Resources */ = {isa = PBXBuildFile; fileRef = 626780231CBABA09001E2B8A /* DownloadCell.xib */; };
		626780351CBABA09001E2B8A /* UIColor+DHZCategory.m in Sources */ = {isa = PBXBuildFile; fileRef = 626780261CBABA09001E2B8A /* UIColor+DHZCategory.m */; };
		626780361CBABA09001E2B8A /* UIColor+DHZColor.m in Sources */ = {isa = PBXBuildFile; fileRef = 626780281CBABA09001E2B8A /* UIColor+DHZColor.m */; };
		626780371CBABA09001E2B8A /* UIDevice+Hardware.m in Sources */ = {isa = PBXBuildFile; fileRef = 6267802A1CBABA09001E2B8A /* UIDevice+Hardware.m */; };
		626780381CBABA09001E2B8A /* ChooseFloorView.m in Sources */ = {isa = PBXBuildFile; fileRef = 6267802D1CBABA09001E2B8A /* ChooseFloorView.m */; };
		626780391CBABA09001E2B8A /* InfoBoxView.m in Sources */ = {isa = PBXBuildFile; fileRef = 6267802F1CBABA09001E2B8A /* InfoBoxView.m */; };
		6267803A1CBABA09001E2B8A /* UserInfoView.m in Sources */ = {isa = PBXBuildFile; fileRef = 626780311CBABA09001E2B8A /* UserInfoView.m */; };
		626CA3641A5144D8005DEA64 /* main.m in Sources */ = {isa = PBXBuildFile; fileRef = 626CA3631A5144D8005DEA64 /* main.m */; };
		626CA3671A5144D8005DEA64 /* AppDelegate.m in Sources */ = {isa = PBXBuildFile; fileRef = 626CA3661A5144D8005DEA64 /* AppDelegate.m */; };
		626CA36A1A5144D8005DEA64 /* DHZ_LIBRARY.xcdatamodeld in Sources */ = {isa = PBXBuildFile; fileRef = 626CA3681A5144D8005DEA64 /* DHZ_LIBRARY.xcdatamodeld */; };
		626CA36C1A5144D8005DEA64 /* Images.xcassets in Resources */ = {isa = PBXBuildFile; fileRef = 626CA36B1A5144D8005DEA64 /* Images.xcassets */; };
		626CA36F1A5144D8005DEA64 /* LaunchScreen.xib in Resources */ = {isa = PBXBuildFile; fileRef = 626CA36D1A5144D8005DEA64 /* LaunchScreen.xib */; };
		73DAE3216CB5A89B2DADAEAA /* libPods-DHZ_LIBRARY.a in Frameworks */ = {isa = PBXBuildFile; fileRef = 9FC85B7846893C3EAA5A20C9 /* libPods-DHZ_LIBRARY.a */; };
		BB06E9071CE9B229000162D6 /* NSObject+Collection.m in Sources */ = {isa = PBXBuildFile; fileRef = BB06E9061CE9B229000162D6 /* NSObject+Collection.m */; };
		BB06E9161CE9B2C1000162D6 /* DownloadOperation.m in Sources */ = {isa = PBXBuildFile; fileRef = BB06E90C1CE9B2C1000162D6 /* DownloadOperation.m */; };
		BB06E9171CE9B2C1000162D6 /* OperationViewController.m in Sources */ = {isa = PBXBuildFile; fileRef = BB06E90E1CE9B2C1000162D6 /* OperationViewController.m */; };
		BB06E9181CE9B2C1000162D6 /* RedPaperReachability.m in Sources */ = {isa = PBXBuildFile; fileRef = BB06E9111CE9B2C1000162D6 /* RedPaperReachability.m */; };
		BB06E9191CE9B2C1000162D6 /* RedPaperRequestOperation.m in Sources */ = {isa = PBXBuildFile; fileRef = BB06E9131CE9B2C1000162D6 /* RedPaperRequestOperation.m */; };
		BB06E91A1CE9B2C1000162D6 /* RedPaperRequestQueue.m in Sources */ = {isa = PBXBuildFile; fileRef = BB06E9151CE9B2C1000162D6 /* RedPaperRequestQueue.m */; };
		BB06E99D1CEB0CE6000162D6 /* RunLoopViewController.m in Sources */ = {isa = PBXBuildFile; fileRef = BB06E99C1CEB0CE6000162D6 /* RunLoopViewController.m */; };
		BB06E9A21CEB0EEE000162D6 /* BluetoothViewController.m in Sources */ = {isa = PBXBuildFile; fileRef = BB06E9A11CEB0EEE000162D6 /* BluetoothViewController.m */; };
		BB06E9AA1CEC04B2000162D6 /* BluetoothViewController.xib in Resources */ = {isa = PBXBuildFile; fileRef = BB06E9A91CEC04B2000162D6 /* BluetoothViewController.xib */; };
		BB2B33B01CF1F06C00823C23 /* CloudKit.framework in Frameworks */ = {isa = PBXBuildFile; fileRef = BB2B33AF1CF1F06C00823C23 /* CloudKit.framework */; };
		BB2B7DF31CFC29A600C558B8 /* StudyModel.xcdatamodeld in Sources */ = {isa = PBXBuildFile; fileRef = BB2B7DF11CFC29A600C558B8 /* StudyModel.xcdatamodeld */; };
		BB2B7DF51CFC2B9000C558B8 /* CoreData.framework in Frameworks */ = {isa = PBXBuildFile; fileRef = BB2B7DF41CFC2B9000C558B8 /* CoreData.framework */; };
		BB2B7DF81CFC2BC500C558B8 /* CoreDataViewController.m in Sources */ = {isa = PBXBuildFile; fileRef = BB2B7DF71CFC2BC500C558B8 /* CoreDataViewController.m */; };
		BB2B7E011CFC31E000C558B8 /* Card+CoreDataProperties.m in Sources */ = {isa = PBXBuildFile; fileRef = BB2B7DFA1CFC31E000C558B8 /* Card+CoreDataProperties.m */; };
		BB2B7E021CFC31E000C558B8 /* Card.m in Sources */ = {isa = PBXBuildFile; fileRef = BB2B7DFC1CFC31E000C558B8 /* Card.m */; };
		BB2B7E031CFC31E000C558B8 /* Person+CoreDataProperties.m in Sources */ = {isa = PBXBuildFile; fileRef = BB2B7DFE1CFC31E000C558B8 /* Person+CoreDataProperties.m */; };
		BB2B7E041CFC31E000C558B8 /* Person.m in Sources */ = {isa = PBXBuildFile; fileRef = BB2B7E001CFC31E000C558B8 /* Person.m */; };
		BB2B7E221CFD23FC00C558B8 /* StreamViewController.m in Sources */ = {isa = PBXBuildFile; fileRef = BB2B7E211CFD23FC00C558B8 /* StreamViewController.m */; };
		BB2B7E2C1CFD252900C558B8 /* HHAlertView.m in Sources */ = {isa = PBXBuildFile; fileRef = BB2B7E251CFD252900C558B8 /* HHAlertView.m */; };
		BB2B7E2D1CFD252900C558B8 /* UIView+Draw.m in Sources */ = {isa = PBXBuildFile; fileRef = BB2B7E281CFD252900C558B8 /* UIView+Draw.m */; };
		BB2B7E2E1CFD252900C558B8 /* MBProgressHUD.m in Sources */ = {isa = PBXBuildFile; fileRef = BB2B7E2B1CFD252900C558B8 /* MBProgressHUD.m */; };
		BBEF88E31D07FE7E00848AD0 /* MainViewController.m in Sources */ = {isa = PBXBuildFile; fileRef = BBEF88E21D07FE7E00848AD0 /* MainViewController.m */; };
		BBEF88E61D07FF0800848AD0 /* BaseViewController.m in Sources */ = {isa = PBXBuildFile; fileRef = BBEF88E51D07FF0800848AD0 /* BaseViewController.m */; };
		BBF8BF3E1CF0B95A00BA0674 /* KeyChain.m in Sources */ = {isa = PBXBuildFile; fileRef = BBF8BF3B1CF0B95A00BA0674 /* KeyChain.m */; };
		BBF8BF3F1CF0B95A00BA0674 /* KeyChainViewController.m in Sources */ = {isa = PBXBuildFile; fileRef = BBF8BF3D1CF0B95A00BA0674 /* KeyChainViewController.m */; };
/* End PBXBuildFile section */

/* Begin PBXFileReference section */
		053A491C242B9535C0AD77A5 /* Pods-DHZ_LIBRARY.release.xcconfig */ = {isa = PBXFileReference; includeInIndex = 1; lastKnownFileType = text.xcconfig; name = "Pods-DHZ_LIBRARY.release.xcconfig"; path = "Pods/Target Support Files/Pods-DHZ_LIBRARY/Pods-DHZ_LIBRARY.release.xcconfig"; sourceTree = "<group>"; };
		2D98098B6C78EB33ACD07D73 /* Pods-DHZ_LIBRARY.debug.xcconfig */ = {isa = PBXFileReference; includeInIndex = 1; lastKnownFileType = text.xcconfig; name = "Pods-DHZ_LIBRARY.debug.xcconfig"; path = "Pods/Target Support Files/Pods-DHZ_LIBRARY/Pods-DHZ_LIBRARY.debug.xcconfig"; sourceTree = "<group>"; };
		6251CBA71AA7042400AD5CEC /* Macro.h */ = {isa = PBXFileReference; lastKnownFileType = sourcecode.c.h; path = Macro.h; sourceTree = "<group>"; };
		62677F7F1CA6A2BF001E2B8A /* Storyboard.storyboard */ = {isa = PBXFileReference; fileEncoding = 4; lastKnownFileType = file.storyboard; path = Storyboard.storyboard; sourceTree = "<group>"; };
		626780011CB78272001E2B8A /* README.md */ = {isa = PBXFileReference; fileEncoding = 4; lastKnownFileType = net.daringfireball.markdown; path = README.md; sourceTree = "<group>"; };
		626780111CBAB8DE001E2B8A /* index.html */ = {isa = PBXFileReference; fileEncoding = 4; lastKnownFileType = text.html; path = index.html; sourceTree = "<group>"; };
		626780121CBAB8DE001E2B8A /* index.js */ = {isa = PBXFileReference; fileEncoding = 4; lastKnownFileType = sourcecode.javascript; path = index.js; sourceTree = "<group>"; };
		626780131CBAB8DE001E2B8A /* JKWebView.h */ = {isa = PBXFileReference; fileEncoding = 4; lastKnownFileType = sourcecode.c.h; path = JKWebView.h; sourceTree = "<group>"; };
		626780141CBAB8DE001E2B8A /* JKWebView.m */ = {isa = PBXFileReference; fileEncoding = 4; lastKnownFileType = sourcecode.c.objc; path = JKWebView.m; sourceTree = "<group>"; };
		626780181CBAB9A3001E2B8A /* WebViewController.h */ = {isa = PBXFileReference; fileEncoding = 4; lastKnownFileType = sourcecode.c.h; path = WebViewController.h; sourceTree = "<group>"; };
		626780191CBAB9A3001E2B8A /* WebViewController.m */ = {isa = PBXFileReference; fileEncoding = 4; lastKnownFileType = sourcecode.c.objc; path = WebViewController.m; sourceTree = "<group>"; };
		6267801D1CBABA09001E2B8A /* NSString+Collection.h */ = {isa = PBXFileReference; fileEncoding = 4; lastKnownFileType = sourcecode.c.h; path = "NSString+Collection.h"; sourceTree = "<group>"; };
		6267801E1CBABA09001E2B8A /* NSString+Collection.m */ = {isa = PBXFileReference; fileEncoding = 4; lastKnownFileType = sourcecode.c.objc; path = "NSString+Collection.m"; sourceTree = "<group>"; };
		626780211CBABA09001E2B8A /* DownloadCell.h */ = {isa = PBXFileReference; fileEncoding = 4; lastKnownFileType = sourcecode.c.h; path = DownloadCell.h; sourceTree = "<group>"; };
		626780221CBABA09001E2B8A /* DownloadCell.m */ = {isa = PBXFileReference; fileEncoding = 4; lastKnownFileType = sourcecode.c.objc; path = DownloadCell.m; sourceTree = "<group>"; };
		626780231CBABA09001E2B8A /* DownloadCell.xib */ = {isa = PBXFileReference; fileEncoding = 4; lastKnownFileType = file.xib; path = DownloadCell.xib; sourceTree = "<group>"; };
		626780251CBABA09001E2B8A /* UIColor+DHZCategory.h */ = {isa = PBXFileReference; fileEncoding = 4; lastKnownFileType = sourcecode.c.h; path = "UIColor+DHZCategory.h"; sourceTree = "<group>"; };
		626780261CBABA09001E2B8A /* UIColor+DHZCategory.m */ = {isa = PBXFileReference; fileEncoding = 4; lastKnownFileType = sourcecode.c.objc; path = "UIColor+DHZCategory.m"; sourceTree = "<group>"; };
		626780271CBABA09001E2B8A /* UIColor+DHZColor.h */ = {isa = PBXFileReference; fileEncoding = 4; lastKnownFileType = sourcecode.c.h; path = "UIColor+DHZColor.h"; sourceTree = "<group>"; };
		626780281CBABA09001E2B8A /* UIColor+DHZColor.m */ = {isa = PBXFileReference; fileEncoding = 4; lastKnownFileType = sourcecode.c.objc; path = "UIColor+DHZColor.m"; sourceTree = "<group>"; };
		626780291CBABA09001E2B8A /* UIDevice+Hardware.h */ = {isa = PBXFileReference; fileEncoding = 4; lastKnownFileType = sourcecode.c.h; path = "UIDevice+Hardware.h"; sourceTree = "<group>"; };
		6267802A1CBABA09001E2B8A /* UIDevice+Hardware.m */ = {isa = PBXFileReference; fileEncoding = 4; lastKnownFileType = sourcecode.c.objc; path = "UIDevice+Hardware.m"; sourceTree = "<group>"; };
		6267802C1CBABA09001E2B8A /* ChooseFloorView.h */ = {isa = PBXFileReference; fileEncoding = 4; lastKnownFileType = sourcecode.c.h; path = ChooseFloorView.h; sourceTree = "<group>"; };
		6267802D1CBABA09001E2B8A /* ChooseFloorView.m */ = {isa = PBXFileReference; fileEncoding = 4; lastKnownFileType = sourcecode.c.objc; path = ChooseFloorView.m; sourceTree = "<group>"; };
		6267802E1CBABA09001E2B8A /* InfoBoxView.h */ = {isa = PBXFileReference; fileEncoding = 4; lastKnownFileType = sourcecode.c.h; path = InfoBoxView.h; sourceTree = "<group>"; };
		6267802F1CBABA09001E2B8A /* InfoBoxView.m */ = {isa = PBXFileReference; fileEncoding = 4; lastKnownFileType = sourcecode.c.objc; path = InfoBoxView.m; sourceTree = "<group>"; };
		626780301CBABA09001E2B8A /* UserInfoView.h */ = {isa = PBXFileReference; fileEncoding = 4; lastKnownFileType = sourcecode.c.h; path = UserInfoView.h; sourceTree = "<group>"; };
		626780311CBABA09001E2B8A /* UserInfoView.m */ = {isa = PBXFileReference; fileEncoding = 4; lastKnownFileType = sourcecode.c.objc; path = UserInfoView.m; sourceTree = "<group>"; };
		626CA35E1A5144D8005DEA64 /* DHZ_LIBRARY.app */ = {isa = PBXFileReference; explicitFileType = wrapper.application; includeInIndex = 0; path = DHZ_LIBRARY.app; sourceTree = BUILT_PRODUCTS_DIR; };
		626CA3621A5144D8005DEA64 /* Info.plist */ = {isa = PBXFileReference; lastKnownFileType = text.plist.xml; path = Info.plist; sourceTree = "<group>"; };
		626CA3631A5144D8005DEA64 /* main.m */ = {isa = PBXFileReference; lastKnownFileType = sourcecode.c.objc; path = main.m; sourceTree = "<group>"; };
		626CA3651A5144D8005DEA64 /* AppDelegate.h */ = {isa = PBXFileReference; lastKnownFileType = sourcecode.c.h; path = AppDelegate.h; sourceTree = "<group>"; };
		626CA3661A5144D8005DEA64 /* AppDelegate.m */ = {isa = PBXFileReference; lastKnownFileType = sourcecode.c.objc; path = AppDelegate.m; sourceTree = "<group>"; };
		626CA3691A5144D8005DEA64 /* DHZ_LIBRARY.xcdatamodel */ = {isa = PBXFileReference; lastKnownFileType = wrapper.xcdatamodel; path = DHZ_LIBRARY.xcdatamodel; sourceTree = "<group>"; };
		626CA36B1A5144D8005DEA64 /* Images.xcassets */ = {isa = PBXFileReference; lastKnownFileType = folder.assetcatalog; path = Images.xcassets; sourceTree = "<group>"; };
		626CA36E1A5144D8005DEA64 /* Base */ = {isa = PBXFileReference; lastKnownFileType = file.xib; name = Base; path = Base.lproj/LaunchScreen.xib; sourceTree = "<group>"; };
		9FC85B7846893C3EAA5A20C9 /* libPods-DHZ_LIBRARY.a */ = {isa = PBXFileReference; explicitFileType = archive.ar; includeInIndex = 0; path = "libPods-DHZ_LIBRARY.a"; sourceTree = BUILT_PRODUCTS_DIR; };
		BB06E9051CE9B229000162D6 /* NSObject+Collection.h */ = {isa = PBXFileReference; fileEncoding = 4; lastKnownFileType = sourcecode.c.h; path = "NSObject+Collection.h"; sourceTree = "<group>"; };
		BB06E9061CE9B229000162D6 /* NSObject+Collection.m */ = {isa = PBXFileReference; fileEncoding = 4; lastKnownFileType = sourcecode.c.objc; path = "NSObject+Collection.m"; sourceTree = "<group>"; };
		BB06E90B1CE9B2C1000162D6 /* DownloadOperation.h */ = {isa = PBXFileReference; fileEncoding = 4; lastKnownFileType = sourcecode.c.h; path = DownloadOperation.h; sourceTree = "<group>"; };
		BB06E90C1CE9B2C1000162D6 /* DownloadOperation.m */ = {isa = PBXFileReference; fileEncoding = 4; lastKnownFileType = sourcecode.c.objc; path = DownloadOperation.m; sourceTree = "<group>"; };
		BB06E90D1CE9B2C1000162D6 /* OperationViewController.h */ = {isa = PBXFileReference; fileEncoding = 4; lastKnownFileType = sourcecode.c.h; path = OperationViewController.h; sourceTree = "<group>"; };
		BB06E90E1CE9B2C1000162D6 /* OperationViewController.m */ = {isa = PBXFileReference; fileEncoding = 4; lastKnownFileType = sourcecode.c.objc; path = OperationViewController.m; sourceTree = "<group>"; };
		BB06E9101CE9B2C1000162D6 /* RedPaperReachability.h */ = {isa = PBXFileReference; fileEncoding = 4; lastKnownFileType = sourcecode.c.h; path = RedPaperReachability.h; sourceTree = "<group>"; };
		BB06E9111CE9B2C1000162D6 /* RedPaperReachability.m */ = {isa = PBXFileReference; fileEncoding = 4; lastKnownFileType = sourcecode.c.objc; path = RedPaperReachability.m; sourceTree = "<group>"; };
		BB06E9121CE9B2C1000162D6 /* RedPaperRequestOperation.h */ = {isa = PBXFileReference; fileEncoding = 4; lastKnownFileType = sourcecode.c.h; path = RedPaperRequestOperation.h; sourceTree = "<group>"; };
		BB06E9131CE9B2C1000162D6 /* RedPaperRequestOperation.m */ = {isa = PBXFileReference; fileEncoding = 4; lastKnownFileType = sourcecode.c.objc; path = RedPaperRequestOperation.m; sourceTree = "<group>"; };
		BB06E9141CE9B2C1000162D6 /* RedPaperRequestQueue.h */ = {isa = PBXFileReference; fileEncoding = 4; lastKnownFileType = sourcecode.c.h; path = RedPaperRequestQueue.h; sourceTree = "<group>"; };
		BB06E9151CE9B2C1000162D6 /* RedPaperRequestQueue.m */ = {isa = PBXFileReference; fileEncoding = 4; lastKnownFileType = sourcecode.c.objc; path = RedPaperRequestQueue.m; sourceTree = "<group>"; };
		BB06E99B1CEB0CE6000162D6 /* RunLoopViewController.h */ = {isa = PBXFileReference; fileEncoding = 4; lastKnownFileType = sourcecode.c.h; path = RunLoopViewController.h; sourceTree = "<group>"; };
		BB06E99C1CEB0CE6000162D6 /* RunLoopViewController.m */ = {isa = PBXFileReference; fileEncoding = 4; lastKnownFileType = sourcecode.c.objc; path = RunLoopViewController.m; sourceTree = "<group>"; };
		BB06E9A01CEB0EEE000162D6 /* BluetoothViewController.h */ = {isa = PBXFileReference; fileEncoding = 4; lastKnownFileType = sourcecode.c.h; path = BluetoothViewController.h; sourceTree = "<group>"; };
		BB06E9A11CEB0EEE000162D6 /* BluetoothViewController.m */ = {isa = PBXFileReference; fileEncoding = 4; lastKnownFileType = sourcecode.c.objc; path = BluetoothViewController.m; sourceTree = "<group>"; };
		BB06E9A91CEC04B2000162D6 /* BluetoothViewController.xib */ = {isa = PBXFileReference; fileEncoding = 4; lastKnownFileType = file.xib; path = BluetoothViewController.xib; sourceTree = "<group>"; };
		BB2B33A81CF1EEA100823C23 /* DHZ_LIBRARY.entitlements */ = {isa = PBXFileReference; lastKnownFileType = text.xml; path = DHZ_LIBRARY.entitlements; sourceTree = "<group>"; };
		BB2B33AF1CF1F06C00823C23 /* CloudKit.framework */ = {isa = PBXFileReference; lastKnownFileType = wrapper.framework; name = CloudKit.framework; path = System/Library/Frameworks/CloudKit.framework; sourceTree = SDKROOT; };
		BB2B7DF21CFC29A600C558B8 /* StudyModel.xcdatamodel */ = {isa = PBXFileReference; lastKnownFileType = wrapper.xcdatamodel; path = StudyModel.xcdatamodel; sourceTree = "<group>"; };
		BB2B7DF41CFC2B9000C558B8 /* CoreData.framework */ = {isa = PBXFileReference; lastKnownFileType = wrapper.framework; name = CoreData.framework; path = System/Library/Frameworks/CoreData.framework; sourceTree = SDKROOT; };
		BB2B7DF61CFC2BC500C558B8 /* CoreDataViewController.h */ = {isa = PBXFileReference; fileEncoding = 4; lastKnownFileType = sourcecode.c.h; path = CoreDataViewController.h; sourceTree = "<group>"; };
		BB2B7DF71CFC2BC500C558B8 /* CoreDataViewController.m */ = {isa = PBXFileReference; fileEncoding = 4; lastKnownFileType = sourcecode.c.objc; path = CoreDataViewController.m; sourceTree = "<group>"; };
		BB2B7DF91CFC31E000C558B8 /* Card+CoreDataProperties.h */ = {isa = PBXFileReference; fileEncoding = 4; lastKnownFileType = sourcecode.c.h; path = "Card+CoreDataProperties.h"; sourceTree = "<group>"; };
		BB2B7DFA1CFC31E000C558B8 /* Card+CoreDataProperties.m */ = {isa = PBXFileReference; fileEncoding = 4; lastKnownFileType = sourcecode.c.objc; path = "Card+CoreDataProperties.m"; sourceTree = "<group>"; };
		BB2B7DFB1CFC31E000C558B8 /* Card.h */ = {isa = PBXFileReference; fileEncoding = 4; lastKnownFileType = sourcecode.c.h; path = Card.h; sourceTree = "<group>"; };
		BB2B7DFC1CFC31E000C558B8 /* Card.m */ = {isa = PBXFileReference; fileEncoding = 4; lastKnownFileType = sourcecode.c.objc; path = Card.m; sourceTree = "<group>"; };
		BB2B7DFD1CFC31E000C558B8 /* Person+CoreDataProperties.h */ = {isa = PBXFileReference; fileEncoding = 4; lastKnownFileType = sourcecode.c.h; path = "Person+CoreDataProperties.h"; sourceTree = "<group>"; };
		BB2B7DFE1CFC31E000C558B8 /* Person+CoreDataProperties.m */ = {isa = PBXFileReference; fileEncoding = 4; lastKnownFileType = sourcecode.c.objc; path = "Person+CoreDataProperties.m"; sourceTree = "<group>"; };
		BB2B7DFF1CFC31E000C558B8 /* Person.h */ = {isa = PBXFileReference; fileEncoding = 4; lastKnownFileType = sourcecode.c.h; path = Person.h; sourceTree = "<group>"; };
		BB2B7E001CFC31E000C558B8 /* Person.m */ = {isa = PBXFileReference; fileEncoding = 4; lastKnownFileType = sourcecode.c.objc; path = Person.m; sourceTree = "<group>"; };
		BB2B7E201CFD23FC00C558B8 /* StreamViewController.h */ = {isa = PBXFileReference; fileEncoding = 4; lastKnownFileType = sourcecode.c.h; path = StreamViewController.h; sourceTree = "<group>"; };
		BB2B7E211CFD23FC00C558B8 /* StreamViewController.m */ = {isa = PBXFileReference; fileEncoding = 4; lastKnownFileType = sourcecode.c.objc; path = StreamViewController.m; sourceTree = "<group>"; };
		BB2B7E241CFD252900C558B8 /* HHAlertView.h */ = {isa = PBXFileReference; fileEncoding = 4; lastKnownFileType = sourcecode.c.h; path = HHAlertView.h; sourceTree = "<group>"; };
		BB2B7E251CFD252900C558B8 /* HHAlertView.m */ = {isa = PBXFileReference; fileEncoding = 4; lastKnownFileType = sourcecode.c.objc; path = HHAlertView.m; sourceTree = "<group>"; };
		BB2B7E261CFD252900C558B8 /* HHAlertViewConst.h */ = {isa = PBXFileReference; fileEncoding = 4; lastKnownFileType = sourcecode.c.h; path = HHAlertViewConst.h; sourceTree = "<group>"; };
		BB2B7E271CFD252900C558B8 /* UIView+Draw.h */ = {isa = PBXFileReference; fileEncoding = 4; lastKnownFileType = sourcecode.c.h; path = "UIView+Draw.h"; sourceTree = "<group>"; };
		BB2B7E281CFD252900C558B8 /* UIView+Draw.m */ = {isa = PBXFileReference; fileEncoding = 4; lastKnownFileType = sourcecode.c.objc; path = "UIView+Draw.m"; sourceTree = "<group>"; };
		BB2B7E2A1CFD252900C558B8 /* MBProgressHUD.h */ = {isa = PBXFileReference; fileEncoding = 4; lastKnownFileType = sourcecode.c.h; path = MBProgressHUD.h; sourceTree = "<group>"; };
		BB2B7E2B1CFD252900C558B8 /* MBProgressHUD.m */ = {isa = PBXFileReference; fileEncoding = 4; lastKnownFileType = sourcecode.c.objc; path = MBProgressHUD.m; sourceTree = "<group>"; };
		BBC4D6221CE2D00A00650C11 /* PrefixHeader.pch */ = {isa = PBXFileReference; fileEncoding = 4; lastKnownFileType = sourcecode.c.h; path = PrefixHeader.pch; sourceTree = "<group>"; };
		BBEF88E11D07FE7E00848AD0 /* MainViewController.h */ = {isa = PBXFileReference; fileEncoding = 4; lastKnownFileType = sourcecode.c.h; path = MainViewController.h; sourceTree = "<group>"; };
		BBEF88E21D07FE7E00848AD0 /* MainViewController.m */ = {isa = PBXFileReference; fileEncoding = 4; lastKnownFileType = sourcecode.c.objc; path = MainViewController.m; sourceTree = "<group>"; };
		BBEF88E41D07FF0800848AD0 /* BaseViewController.h */ = {isa = PBXFileReference; fileEncoding = 4; lastKnownFileType = sourcecode.c.h; path = BaseViewController.h; sourceTree = "<group>"; };
		BBEF88E51D07FF0800848AD0 /* BaseViewController.m */ = {isa = PBXFileReference; fileEncoding = 4; lastKnownFileType = sourcecode.c.objc; path = BaseViewController.m; sourceTree = "<group>"; };
		BBF8BF3A1CF0B95A00BA0674 /* KeyChain.h */ = {isa = PBXFileReference; fileEncoding = 4; lastKnownFileType = sourcecode.c.h; path = KeyChain.h; sourceTree = "<group>"; };
		BBF8BF3B1CF0B95A00BA0674 /* KeyChain.m */ = {isa = PBXFileReference; fileEncoding = 4; lastKnownFileType = sourcecode.c.objc; path = KeyChain.m; sourceTree = "<group>"; };
		BBF8BF3C1CF0B95A00BA0674 /* KeyChainViewController.h */ = {isa = PBXFileReference; fileEncoding = 4; lastKnownFileType = sourcecode.c.h; path = KeyChainViewController.h; sourceTree = "<group>"; };
		BBF8BF3D1CF0B95A00BA0674 /* KeyChainViewController.m */ = {isa = PBXFileReference; fileEncoding = 4; lastKnownFileType = sourcecode.c.objc; path = KeyChainViewController.m; sourceTree = "<group>"; };
/* End PBXFileReference section */

/* Begin PBXFrameworksBuildPhase section */
		626CA35B1A5144D8005DEA64 /* Frameworks */ = {
			isa = PBXFrameworksBuildPhase;
			buildActionMask = 2147483647;
			files = (
				BB2B7DF51CFC2B9000C558B8 /* CoreData.framework in Frameworks */,
				73DAE3216CB5A89B2DADAEAA /* libPods-DHZ_LIBRARY.a in Frameworks */,
				BB2B33B01CF1F06C00823C23 /* CloudKit.framework in Frameworks */,
			);
			runOnlyForDeploymentPostprocessing = 0;
		};
/* End PBXFrameworksBuildPhase section */

/* Begin PBXGroup section */
		5FD9C6855BB761F36E03085D /* Pods */ = {
			isa = PBXGroup;
			children = (
				2D98098B6C78EB33ACD07D73 /* Pods-DHZ_LIBRARY.debug.xcconfig */,
				053A491C242B9535C0AD77A5 /* Pods-DHZ_LIBRARY.release.xcconfig */,
			);
			name = Pods;
			sourceTree = "<group>";
		};
		6267800E1CBAB8DE001E2B8A /* WebView */ = {
			isa = PBXGroup;
			children = (
				6267800F1CBAB8DE001E2B8A /* JSCallOC */,
				626780181CBAB9A3001E2B8A /* WebViewController.h */,
				626780191CBAB9A3001E2B8A /* WebViewController.m */,
			);
			path = WebView;
			sourceTree = "<group>";
		};
		6267800F1CBAB8DE001E2B8A /* JSCallOC */ = {
			isa = PBXGroup;
			children = (
				626780101CBAB8DE001E2B8A /* html */,
				626780131CBAB8DE001E2B8A /* JKWebView.h */,
				626780141CBAB8DE001E2B8A /* JKWebView.m */,
			);
			path = JSCallOC;
			sourceTree = "<group>";
		};
		626780101CBAB8DE001E2B8A /* html */ = {
			isa = PBXGroup;
			children = (
				626780111CBAB8DE001E2B8A /* index.html */,
				626780121CBAB8DE001E2B8A /* index.js */,
			);
			path = html;
			sourceTree = "<group>";
		};
		6267801B1CBABA09001E2B8A /* NSLib */ = {
			isa = PBXGroup;
			children = (
				BB06E99A1CEB0CE6000162D6 /* NSRunloop */,
				6267801C1CBABA09001E2B8A /* NSString */,
				BB06E9051CE9B229000162D6 /* NSObject+Collection.h */,
				BB06E9061CE9B229000162D6 /* NSObject+Collection.m */,
			);
			path = NSLib;
			sourceTree = "<group>";
		};
		6267801C1CBABA09001E2B8A /* NSString */ = {
			isa = PBXGroup;
			children = (
				6267801D1CBABA09001E2B8A /* NSString+Collection.h */,
				6267801E1CBABA09001E2B8A /* NSString+Collection.m */,
			);
			path = NSString;
			sourceTree = "<group>";
		};
		6267801F1CBABA09001E2B8A /* UILib */ = {
			isa = PBXGroup;
			children = (
				BB2B7E231CFD252900C558B8 /* HHAlertView */,
				BB2B7E291CFD252900C558B8 /* MBProgressHUD */,
				626780201CBABA09001E2B8A /* Cell */,
				626780241CBABA09001E2B8A /* UIColor */,
				626780291CBABA09001E2B8A /* UIDevice+Hardware.h */,
				6267802A1CBABA09001E2B8A /* UIDevice+Hardware.m */,
				6267802B1CBABA09001E2B8A /* View */,
			);
			path = UILib;
			sourceTree = "<group>";
		};
		626780201CBABA09001E2B8A /* Cell */ = {
			isa = PBXGroup;
			children = (
				626780211CBABA09001E2B8A /* DownloadCell.h */,
				626780221CBABA09001E2B8A /* DownloadCell.m */,
				626780231CBABA09001E2B8A /* DownloadCell.xib */,
			);
			path = Cell;
			sourceTree = "<group>";
		};
		626780241CBABA09001E2B8A /* UIColor */ = {
			isa = PBXGroup;
			children = (
				626780251CBABA09001E2B8A /* UIColor+DHZCategory.h */,
				626780261CBABA09001E2B8A /* UIColor+DHZCategory.m */,
				626780271CBABA09001E2B8A /* UIColor+DHZColor.h */,
				626780281CBABA09001E2B8A /* UIColor+DHZColor.m */,
			);
			path = UIColor;
			sourceTree = "<group>";
		};
		6267802B1CBABA09001E2B8A /* View */ = {
			isa = PBXGroup;
			children = (
				6267802C1CBABA09001E2B8A /* ChooseFloorView.h */,
				6267802D1CBABA09001E2B8A /* ChooseFloorView.m */,
				6267802E1CBABA09001E2B8A /* InfoBoxView.h */,
				6267802F1CBABA09001E2B8A /* InfoBoxView.m */,
				626780301CBABA09001E2B8A /* UserInfoView.h */,
				626780311CBABA09001E2B8A /* UserInfoView.m */,
			);
			path = View;
			sourceTree = "<group>";
		};
		626CA3551A5144D8005DEA64 = {
			isa = PBXGroup;
			children = (
				626780011CB78272001E2B8A /* README.md */,
				626CA3601A5144D8005DEA64 /* DHZ_LIBRARY */,
				626CA35F1A5144D8005DEA64 /* Products */,
				5FD9C6855BB761F36E03085D /* Pods */,
				D74CBEB5530684899CD931B9 /* Frameworks */,
			);
			sourceTree = "<group>";
		};
		626CA35F1A5144D8005DEA64 /* Products */ = {
			isa = PBXGroup;
			children = (
				626CA35E1A5144D8005DEA64 /* DHZ_LIBRARY.app */,
			);
			name = Products;
			sourceTree = "<group>";
		};
		626CA3601A5144D8005DEA64 /* DHZ_LIBRARY */ = {
			isa = PBXGroup;
			children = (
				6251CBA71AA7042400AD5CEC /* Macro.h */,
				626CA3651A5144D8005DEA64 /* AppDelegate.h */,
				626CA3661A5144D8005DEA64 /* AppDelegate.m */,
				BBEF88E11D07FE7E00848AD0 /* MainViewController.h */,
				BBEF88E21D07FE7E00848AD0 /* MainViewController.m */,
				BBEF88E41D07FF0800848AD0 /* BaseViewController.h */,
				BBEF88E51D07FF0800848AD0 /* BaseViewController.m */,
				BBC4D6221CE2D00A00650C11 /* PrefixHeader.pch */,
				BBF8BF381CF0B93A00BA0674 /* Localize */,
				BB06E99E1CEB0CFF000162D6 /* Cocoa */,
				BB06E9081CE9B2C1000162D6 /* NetRefer */,
				6267800E1CBAB8DE001E2B8A /* WebView */,
				6267801B1CBABA09001E2B8A /* NSLib */,
				6267801F1CBABA09001E2B8A /* UILib */,
				626CA3611A5144D8005DEA64 /* Supporting Files */,
			);
			path = DHZ_LIBRARY;
			sourceTree = "<group>";
		};
		626CA3611A5144D8005DEA64 /* Supporting Files */ = {
			isa = PBXGroup;
			children = (
				626CA3681A5144D8005DEA64 /* DHZ_LIBRARY.xcdatamodeld */,
				BB2B33A81CF1EEA100823C23 /* DHZ_LIBRARY.entitlements */,
				62677F7F1CA6A2BF001E2B8A /* Storyboard.storyboard */,
				626CA36B1A5144D8005DEA64 /* Images.xcassets */,
				626CA36D1A5144D8005DEA64 /* LaunchScreen.xib */,
				626CA3621A5144D8005DEA64 /* Info.plist */,
				626CA3631A5144D8005DEA64 /* main.m */,
			);
			name = "Supporting Files";
			sourceTree = "<group>";
		};
		BB06E9081CE9B2C1000162D6 /* NetRefer */ = {
			isa = PBXGroup;
			children = (
				BB06E91B1CE9B2E9000162D6 /* Socket */,
				BB06E9091CE9B2C1000162D6 /* NSOperation */,
			);
			path = NetRefer;
			sourceTree = "<group>";
		};
		BB06E9091CE9B2C1000162D6 /* NSOperation */ = {
			isa = PBXGroup;
			children = (
				BB06E90A1CE9B2C1000162D6 /* Custom */,
				BB06E90D1CE9B2C1000162D6 /* OperationViewController.h */,
				BB06E90E1CE9B2C1000162D6 /* OperationViewController.m */,
				BB06E90F1CE9B2C1000162D6 /* RedPaper */,
			);
			path = NSOperation;
			sourceTree = "<group>";
		};
		BB06E90A1CE9B2C1000162D6 /* Custom */ = {
			isa = PBXGroup;
			children = (
				BB06E90B1CE9B2C1000162D6 /* DownloadOperation.h */,
				BB06E90C1CE9B2C1000162D6 /* DownloadOperation.m */,
			);
			path = Custom;
			sourceTree = "<group>";
		};
		BB06E90F1CE9B2C1000162D6 /* RedPaper */ = {
			isa = PBXGroup;
			children = (
				BB06E9101CE9B2C1000162D6 /* RedPaperReachability.h */,
				BB06E9111CE9B2C1000162D6 /* RedPaperReachability.m */,
				BB06E9121CE9B2C1000162D6 /* RedPaperRequestOperation.h */,
				BB06E9131CE9B2C1000162D6 /* RedPaperRequestOperation.m */,
				BB06E9141CE9B2C1000162D6 /* RedPaperRequestQueue.h */,
				BB06E9151CE9B2C1000162D6 /* RedPaperRequestQueue.m */,
			);
			path = RedPaper;
			sourceTree = "<group>";
		};
		BB06E91B1CE9B2E9000162D6 /* Socket */ = {
			isa = PBXGroup;
			children = (
				BB2B7E201CFD23FC00C558B8 /* StreamViewController.h */,
				BB2B7E211CFD23FC00C558B8 /* StreamViewController.m */,
			);
			path = Socket;
			sourceTree = "<group>";
		};
		BB06E99A1CEB0CE6000162D6 /* NSRunloop */ = {
			isa = PBXGroup;
			children = (
				BB06E99B1CEB0CE6000162D6 /* RunLoopViewController.h */,
				BB06E99C1CEB0CE6000162D6 /* RunLoopViewController.m */,
			);
			path = NSRunloop;
			sourceTree = "<group>";
		};
		BB06E99E1CEB0CFF000162D6 /* Cocoa */ = {
			isa = PBXGroup;
			children = (
				BB06E99F1CEB0D13000162D6 /* Bluetooth */,
			);
			path = Cocoa;
			sourceTree = "<group>";
		};
		BB06E99F1CEB0D13000162D6 /* Bluetooth */ = {
			isa = PBXGroup;
			children = (
				BB06E9A01CEB0EEE000162D6 /* BluetoothViewController.h */,
				BB06E9A11CEB0EEE000162D6 /* BluetoothViewController.m */,
				BB06E9A91CEC04B2000162D6 /* BluetoothViewController.xib */,
			);
			path = Bluetooth;
			sourceTree = "<group>";
		};
		BB2B7DF01CFC292900C558B8 /* CoreData */ = {
			isa = PBXGroup;
			children = (
				BB2B7DF11CFC29A600C558B8 /* StudyModel.xcdatamodeld */,
				BB2B7DF91CFC31E000C558B8 /* Card+CoreDataProperties.h */,
				BB2B7DFA1CFC31E000C558B8 /* Card+CoreDataProperties.m */,
				BB2B7DFB1CFC31E000C558B8 /* Card.h */,
				BB2B7DFC1CFC31E000C558B8 /* Card.m */,
				BB2B7DFD1CFC31E000C558B8 /* Person+CoreDataProperties.h */,
				BB2B7DFE1CFC31E000C558B8 /* Person+CoreDataProperties.m */,
				BB2B7DFF1CFC31E000C558B8 /* Person.h */,
				BB2B7E001CFC31E000C558B8 /* Person.m */,
				BB2B7DF61CFC2BC500C558B8 /* CoreDataViewController.h */,
				BB2B7DF71CFC2BC500C558B8 /* CoreDataViewController.m */,
			);
			path = CoreData;
			sourceTree = "<group>";
		};
		BB2B7E231CFD252900C558B8 /* HHAlertView */ = {
			isa = PBXGroup;
			children = (
				BB2B7E241CFD252900C558B8 /* HHAlertView.h */,
				BB2B7E251CFD252900C558B8 /* HHAlertView.m */,
				BB2B7E261CFD252900C558B8 /* HHAlertViewConst.h */,
				BB2B7E271CFD252900C558B8 /* UIView+Draw.h */,
				BB2B7E281CFD252900C558B8 /* UIView+Draw.m */,
			);
			path = HHAlertView;
			sourceTree = "<group>";
		};
		BB2B7E291CFD252900C558B8 /* MBProgressHUD */ = {
			isa = PBXGroup;
			children = (
				BB2B7E2A1CFD252900C558B8 /* MBProgressHUD.h */,
				BB2B7E2B1CFD252900C558B8 /* MBProgressHUD.m */,
			);
			path = MBProgressHUD;
			sourceTree = "<group>";
		};
		BBF8BF381CF0B93A00BA0674 /* Localize */ = {
			isa = PBXGroup;
			children = (
				BB2B7DF01CFC292900C558B8 /* CoreData */,
				BBF8BF391CF0B95A00BA0674 /* KeyChain */,
			);
			path = Localize;
			sourceTree = "<group>";
		};
		BBF8BF391CF0B95A00BA0674 /* KeyChain */ = {
			isa = PBXGroup;
			children = (
				BBF8BF3A1CF0B95A00BA0674 /* KeyChain.h */,
				BBF8BF3B1CF0B95A00BA0674 /* KeyChain.m */,
				BBF8BF3C1CF0B95A00BA0674 /* KeyChainViewController.h */,
				BBF8BF3D1CF0B95A00BA0674 /* KeyChainViewController.m */,
			);
			path = KeyChain;
			sourceTree = "<group>";
		};
		D74CBEB5530684899CD931B9 /* Frameworks */ = {
			isa = PBXGroup;
			children = (
				BB2B7DF41CFC2B9000C558B8 /* CoreData.framework */,
				BB2B33AF1CF1F06C00823C23 /* CloudKit.framework */,
				9FC85B7846893C3EAA5A20C9 /* libPods-DHZ_LIBRARY.a */,
			);
			name = Frameworks;
			sourceTree = "<group>";
		};
/* End PBXGroup section */

/* Begin PBXNativeTarget section */
		626CA35D1A5144D8005DEA64 /* DHZ_LIBRARY */ = {
			isa = PBXNativeTarget;
			buildConfigurationList = 626CA37E1A5144D8005DEA64 /* Build configuration list for PBXNativeTarget "DHZ_LIBRARY" */;
			buildPhases = (
				626CA35A1A5144D8005DEA64 /* Sources */,
				626CA35B1A5144D8005DEA64 /* Frameworks */,
				626CA35C1A5144D8005DEA64 /* Resources */,
				566BEAA73E302A1C044EAB85 /* 📦 Embed Pods Frameworks */,
				94410E437D69CCD164D6B5C3 /* 📦 Copy Pods Resources */,
				5A59B01F9692AE82B2FD4EB2 /* 📦 Check Pods Manifest.lock */,
			);
			buildRules = (
			);
			dependencies = (
			);
			name = DHZ_LIBRARY;
			productName = DHZ_LIBRARY;
			productReference = 626CA35E1A5144D8005DEA64 /* DHZ_LIBRARY.app */;
			productType = "com.apple.product-type.application";
		};
/* End PBXNativeTarget section */

/* Begin PBXProject section */
		626CA3561A5144D8005DEA64 /* Project object */ = {
			isa = PBXProject;
			attributes = {
				KnownAssetTags = (
					RunLoopViewController,
				);
				LastSwiftUpdateCheck = 0730;
				LastUpgradeCheck = 0610;
				ORGANIZATIONNAME = "Hello,world!";
				TargetAttributes = {
					626CA35D1A5144D8005DEA64 = {
						CreatedOnToolsVersion = 6.1;
						DevelopmentTeam = 52U53KWCFQ;
						SystemCapabilities = {
							com.apple.iCloud = {
								enabled = 1;
							};
						};
					};
				};
			};
			buildConfigurationList = 626CA3591A5144D8005DEA64 /* Build configuration list for PBXProject "DHZ_LIBRARY" */;
			compatibilityVersion = "Xcode 3.2";
			developmentRegion = English;
			hasScannedForEncodings = 0;
			knownRegions = (
				en,
				Base,
			);
			mainGroup = 626CA3551A5144D8005DEA64;
			productRefGroup = 626CA35F1A5144D8005DEA64 /* Products */;
			projectDirPath = "";
			projectRoot = "";
			targets = (
				626CA35D1A5144D8005DEA64 /* DHZ_LIBRARY */,
			);
		};
/* End PBXProject section */

/* Begin PBXResourcesBuildPhase section */
		626CA35C1A5144D8005DEA64 /* Resources */ = {
			isa = PBXResourcesBuildPhase;
			buildActionMask = 2147483647;
			files = (
				BB06E9AA1CEC04B2000162D6 /* BluetoothViewController.xib in Resources */,
				626780151CBAB8DE001E2B8A /* index.html in Resources */,
				626CA36F1A5144D8005DEA64 /* LaunchScreen.xib in Resources */,
				626780161CBAB8DE001E2B8A /* index.js in Resources */,
				626CA36C1A5144D8005DEA64 /* Images.xcassets in Resources */,
				62677F801CA6A2BF001E2B8A /* Storyboard.storyboard in Resources */,
				626780341CBABA09001E2B8A /* DownloadCell.xib in Resources */,
			);
			runOnlyForDeploymentPostprocessing = 0;
		};
/* End PBXResourcesBuildPhase section */

/* Begin PBXShellScriptBuildPhase section */
		566BEAA73E302A1C044EAB85 /* 📦 Embed Pods Frameworks */ = {
			isa = PBXShellScriptBuildPhase;
			buildActionMask = 2147483647;
			files = (
			);
			inputPaths = (
			);
			name = "📦 Embed Pods Frameworks";
			outputPaths = (
			);
			runOnlyForDeploymentPostprocessing = 0;
			shellPath = /bin/sh;
			shellScript = "\"${SRCROOT}/Pods/Target Support Files/Pods-DHZ_LIBRARY/Pods-DHZ_LIBRARY-frameworks.sh\"\n";
			showEnvVarsInLog = 0;
		};
		5A59B01F9692AE82B2FD4EB2 /* 📦 Check Pods Manifest.lock */ = {
			isa = PBXShellScriptBuildPhase;
			buildActionMask = 2147483647;
			files = (
			);
			inputPaths = (
			);
			name = "📦 Check Pods Manifest.lock";
			outputPaths = (
			);
			runOnlyForDeploymentPostprocessing = 0;
			shellPath = /bin/sh;
			shellScript = "diff \"${PODS_ROOT}/../Podfile.lock\" \"${PODS_ROOT}/Manifest.lock\" > /dev/null\nif [[ $? != 0 ]] ; then\n    cat << EOM\nerror: The sandbox is not in sync with the Podfile.lock. Run 'pod install' or update your CocoaPods installation.\nEOM\n    exit 1\nfi\n";
			showEnvVarsInLog = 0;
		};
		94410E437D69CCD164D6B5C3 /* 📦 Copy Pods Resources */ = {
			isa = PBXShellScriptBuildPhase;
			buildActionMask = 2147483647;
			files = (
			);
			inputPaths = (
			);
			name = "📦 Copy Pods Resources";
			outputPaths = (
			);
			runOnlyForDeploymentPostprocessing = 0;
			shellPath = /bin/sh;
			shellScript = "\"${SRCROOT}/Pods/Target Support Files/Pods-DHZ_LIBRARY/Pods-DHZ_LIBRARY-resources.sh\"\n";
			showEnvVarsInLog = 0;
		};
/* End PBXShellScriptBuildPhase section */

/* Begin PBXSourcesBuildPhase section */
		626CA35A1A5144D8005DEA64 /* Sources */ = {
			isa = PBXSourcesBuildPhase;
			buildActionMask = 2147483647;
			files = (
				BB06E9161CE9B2C1000162D6 /* DownloadOperation.m in Sources */,
				BBEF88E61D07FF0800848AD0 /* BaseViewController.m in Sources */,
				BBF8BF3E1CF0B95A00BA0674 /* KeyChain.m in Sources */,
				BB06E9A21CEB0EEE000162D6 /* BluetoothViewController.m in Sources */,
				626CA3671A5144D8005DEA64 /* AppDelegate.m in Sources */,
				BB2B7DF31CFC29A600C558B8 /* StudyModel.xcdatamodeld in Sources */,
				6267801A1CBAB9A3001E2B8A /* WebViewController.m in Sources */,
				BB2B7E2D1CFD252900C558B8 /* UIView+Draw.m in Sources */,
				BB2B7E2E1CFD252900C558B8 /* MBProgressHUD.m in Sources */,
				BB06E9071CE9B229000162D6 /* NSObject+Collection.m in Sources */,
				BB2B7E011CFC31E000C558B8 /* Card+CoreDataProperties.m in Sources */,
				626780171CBAB8DE001E2B8A /* JKWebView.m in Sources */,
				626780391CBABA09001E2B8A /* InfoBoxView.m in Sources */,
				BB06E91A1CE9B2C1000162D6 /* RedPaperRequestQueue.m in Sources */,
				BB2B7E2C1CFD252900C558B8 /* HHAlertView.m in Sources */,
				626780351CBABA09001E2B8A /* UIColor+DHZCategory.m in Sources */,
				BB2B7E041CFC31E000C558B8 /* Person.m in Sources */,
				626780371CBABA09001E2B8A /* UIDevice+Hardware.m in Sources */,
				626CA3641A5144D8005DEA64 /* main.m in Sources */,
				BBEF88E31D07FE7E00848AD0 /* MainViewController.m in Sources */,
				6267803A1CBABA09001E2B8A /* UserInfoView.m in Sources */,
				BB06E9171CE9B2C1000162D6 /* OperationViewController.m in Sources */,
				626780331CBABA09001E2B8A /* DownloadCell.m in Sources */,
				626780381CBABA09001E2B8A /* ChooseFloorView.m in Sources */,
				BB06E99D1CEB0CE6000162D6 /* RunLoopViewController.m in Sources */,
				BB2B7E031CFC31E000C558B8 /* Person+CoreDataProperties.m in Sources */,
				BB2B7E021CFC31E000C558B8 /* Card.m in Sources */,
				626CA36A1A5144D8005DEA64 /* DHZ_LIBRARY.xcdatamodeld in Sources */,
				BB2B7DF81CFC2BC500C558B8 /* CoreDataViewController.m in Sources */,
				BB06E9191CE9B2C1000162D6 /* RedPaperRequestOperation.m in Sources */,
				626780021CB78272001E2B8A /* README.md in Sources */,
				BB06E9181CE9B2C1000162D6 /* RedPaperReachability.m in Sources */,
				626780361CBABA09001E2B8A /* UIColor+DHZColor.m in Sources */,
				BB2B7E221CFD23FC00C558B8 /* StreamViewController.m in Sources */,
				BBF8BF3F1CF0B95A00BA0674 /* KeyChainViewController.m in Sources */,
				626780321CBABA09001E2B8A /* NSString+Collection.m in Sources */,
			);
			runOnlyForDeploymentPostprocessing = 0;
		};
/* End PBXSourcesBuildPhase section */

/* Begin PBXVariantGroup section */
		626CA36D1A5144D8005DEA64 /* LaunchScreen.xib */ = {
			isa = PBXVariantGroup;
			children = (
				626CA36E1A5144D8005DEA64 /* Base */,
			);
			name = LaunchScreen.xib;
			sourceTree = "<group>";
		};
/* End PBXVariantGroup section */

/* Begin XCBuildConfiguration section */
		626CA37C1A5144D8005DEA64 /* Debug */ = {
			isa = XCBuildConfiguration;
			buildSettings = {
				ALWAYS_SEARCH_USER_PATHS = NO;
				CLANG_CXX_LANGUAGE_STANDARD = "gnu++0x";
				CLANG_CXX_LIBRARY = "libc++";
				CLANG_ENABLE_MODULES = YES;
				CLANG_ENABLE_OBJC_ARC = YES;
				CLANG_WARN_BOOL_CONVERSION = YES;
				CLANG_WARN_CONSTANT_CONVERSION = YES;
				CLANG_WARN_DIRECT_OBJC_ISA_USAGE = YES_ERROR;
				CLANG_WARN_EMPTY_BODY = YES;
				CLANG_WARN_ENUM_CONVERSION = YES;
				CLANG_WARN_INT_CONVERSION = YES;
				CLANG_WARN_OBJC_ROOT_CLASS = YES_ERROR;
				CLANG_WARN_UNREACHABLE_CODE = YES;
				CLANG_WARN__DUPLICATE_METHOD_MATCH = YES;
				"CODE_SIGN_IDENTITY[sdk=iphoneos*]" = "iPhone Developer";
				COPY_PHASE_STRIP = NO;
				ENABLE_STRICT_OBJC_MSGSEND = YES;
				GCC_C_LANGUAGE_STANDARD = gnu99;
				GCC_DYNAMIC_NO_PIC = NO;
				GCC_OPTIMIZATION_LEVEL = 0;
				GCC_PREPROCESSOR_DEFINITIONS = (
					"DEBUG=1",
					"$(inherited)",
				);
				GCC_SYMBOLS_PRIVATE_EXTERN = NO;
				GCC_WARN_64_TO_32_BIT_CONVERSION = YES;
				GCC_WARN_ABOUT_RETURN_TYPE = YES_ERROR;
				GCC_WARN_UNDECLARED_SELECTOR = YES;
				GCC_WARN_UNINITIALIZED_AUTOS = YES_AGGRESSIVE;
				GCC_WARN_UNUSED_FUNCTION = YES;
				GCC_WARN_UNUSED_VARIABLE = YES;
				IPHONEOS_DEPLOYMENT_TARGET = 8.0;
				MTL_ENABLE_DEBUG_INFO = YES;
				ONLY_ACTIVE_ARCH = YES;
				SDKROOT = iphoneos;
			};
			name = Debug;
		};
		626CA37D1A5144D8005DEA64 /* Release */ = {
			isa = XCBuildConfiguration;
			buildSettings = {
				ALWAYS_SEARCH_USER_PATHS = NO;
				CLANG_CXX_LANGUAGE_STANDARD = "gnu++0x";
				CLANG_CXX_LIBRARY = "libc++";
				CLANG_ENABLE_MODULES = YES;
				CLANG_ENABLE_OBJC_ARC = YES;
				CLANG_WARN_BOOL_CONVERSION = YES;
				CLANG_WARN_CONSTANT_CONVERSION = YES;
				CLANG_WARN_DIRECT_OBJC_ISA_USAGE = YES_ERROR;
				CLANG_WARN_EMPTY_BODY = YES;
				CLANG_WARN_ENUM_CONVERSION = YES;
				CLANG_WARN_INT_CONVERSION = YES;
				CLANG_WARN_OBJC_ROOT_CLASS = YES_ERROR;
				CLANG_WARN_UNREACHABLE_CODE = YES;
				CLANG_WARN__DUPLICATE_METHOD_MATCH = YES;
				"CODE_SIGN_IDENTITY[sdk=iphoneos*]" = "iPhone Developer";
				COPY_PHASE_STRIP = YES;
				ENABLE_NS_ASSERTIONS = NO;
				ENABLE_STRICT_OBJC_MSGSEND = YES;
				GCC_C_LANGUAGE_STANDARD = gnu99;
				GCC_WARN_64_TO_32_BIT_CONVERSION = YES;
				GCC_WARN_ABOUT_RETURN_TYPE = YES_ERROR;
				GCC_WARN_UNDECLARED_SELECTOR = YES;
				GCC_WARN_UNINITIALIZED_AUTOS = YES_AGGRESSIVE;
				GCC_WARN_UNUSED_FUNCTION = YES;
				GCC_WARN_UNUSED_VARIABLE = YES;
				IPHONEOS_DEPLOYMENT_TARGET = 8.0;
				MTL_ENABLE_DEBUG_INFO = NO;
				SDKROOT = iphoneos;
				VALIDATE_PRODUCT = YES;
			};
			name = Release;
		};
		626CA37F1A5144D8005DEA64 /* Debug */ = {
			isa = XCBuildConfiguration;
			baseConfigurationReference = 2D98098B6C78EB33ACD07D73 /* Pods-DHZ_LIBRARY.debug.xcconfig */;
			buildSettings = {
				ASSETCATALOG_COMPILER_APPICON_NAME = AppIcon;
				CLANG_ENABLE_MODULES = YES;
				CODE_SIGN_ENTITLEMENTS = DHZ_LIBRARY/DHZ_LIBRARY.entitlements;
				CODE_SIGN_IDENTITY = "iPhone Developer";
				"CODE_SIGN_IDENTITY[sdk=iphoneos*]" = "iPhone Developer";
				GCC_PRECOMPILE_PREFIX_HEADER = YES;
				GCC_PREFIX_HEADER = "$(TARGET_NAME)/PrefixHeader.pch";
				INFOPLIST_FILE = DHZ_LIBRARY/Info.plist;
				IPHONEOS_DEPLOYMENT_TARGET = 7.0;
				LD_RUNPATH_SEARCH_PATHS = "$(inherited) @executable_path/Frameworks";
				PRODUCT_BUNDLE_IDENTIFIER = "com.lzhb.DHZ-LIBRARY";
				PRODUCT_NAME = "$(TARGET_NAME)";
				PROVISIONING_PROFILE = "";
				SWIFT_OBJC_BRIDGING_HEADER = "DHZ_LIBRARY/NetRefer/Socket/DHZ_LIBRARY-Bridging-Header.h";
				SWIFT_OPTIMIZATION_LEVEL = "-Onone";
				TARGETED_DEVICE_FAMILY = "1,2";
			};
			name = Debug;
		};
		626CA3801A5144D8005DEA64 /* Release */ = {
			isa = XCBuildConfiguration;
			baseConfigurationReference = 053A491C242B9535C0AD77A5 /* Pods-DHZ_LIBRARY.release.xcconfig */;
			buildSettings = {
				ASSETCATALOG_COMPILER_APPICON_NAME = AppIcon;
				CLANG_ENABLE_MODULES = YES;
				CODE_SIGN_ENTITLEMENTS = DHZ_LIBRARY/DHZ_LIBRARY.entitlements;
				CODE_SIGN_IDENTITY = "iPhone Developer";
				"CODE_SIGN_IDENTITY[sdk=iphoneos*]" = "iPhone Developer";
				GCC_PRECOMPILE_PREFIX_HEADER = YES;
				GCC_PREFIX_HEADER = "$(TARGET_NAME)/PrefixHeader.pch";
				INFOPLIST_FILE = DHZ_LIBRARY/Info.plist;
				IPHONEOS_DEPLOYMENT_TARGET = 7.0;
				LD_RUNPATH_SEARCH_PATHS = "$(inherited) @executable_path/Frameworks";
				PRODUCT_BUNDLE_IDENTIFIER = "com.lzhb.DHZ-LIBRARY";
				PRODUCT_NAME = "$(TARGET_NAME)";
				PROVISIONING_PROFILE = "";
				SWIFT_OBJC_BRIDGING_HEADER = "DHZ_LIBRARY/NetRefer/Socket/DHZ_LIBRARY-Bridging-Header.h";
				TARGETED_DEVICE_FAMILY = "1,2";
			};
			name = Release;
		};
/* End XCBuildConfiguration section */

/* Begin XCConfigurationList section */
		626CA3591A5144D8005DEA64 /* Build configuration list for PBXProject "DHZ_LIBRARY" */ = {
			isa = XCConfigurationList;
			buildConfigurations = (
				626CA37C1A5144D8005DEA64 /* Debug */,
				626CA37D1A5144D8005DEA64 /* Release */,
			);
			defaultConfigurationIsVisible = 0;
			defaultConfigurationName = Release;
		};
		626CA37E1A5144D8005DEA64 /* Build configuration list for PBXNativeTarget "DHZ_LIBRARY" */ = {
			isa = XCConfigurationList;
			buildConfigurations = (
				626CA37F1A5144D8005DEA64 /* Debug */,
				626CA3801A5144D8005DEA64 /* Release */,
			);
			defaultConfigurationIsVisible = 0;
			defaultConfigurationName = Release;
		};
/* End XCConfigurationList section */

/* Begin XCVersionGroup section */
		626CA3681A5144D8005DEA64 /* DHZ_LIBRARY.xcdatamodeld */ = {
			isa = XCVersionGroup;
			children = (
				626CA3691A5144D8005DEA64 /* DHZ_LIBRARY.xcdatamodel */,
			);
			currentVersion = 626CA3691A5144D8005DEA64 /* DHZ_LIBRARY.xcdatamodel */;
			path = DHZ_LIBRARY.xcdatamodeld;
			sourceTree = "<group>";
			versionGroupType = wrapper.xcdatamodel;
		};
		BB2B7DF11CFC29A600C558B8 /* StudyModel.xcdatamodeld */ = {
			isa = XCVersionGroup;
			children = (
				BB2B7DF21CFC29A600C558B8 /* StudyModel.xcdatamodel */,
			);
			currentVersion = BB2B7DF21CFC29A600C558B8 /* StudyModel.xcdatamodel */;
			path = StudyModel.xcdatamodeld;
			sourceTree = "<group>";
			versionGroupType = wrapper.xcdatamodel;
		};
/* End XCVersionGroup section */
	};
	rootObject = 626CA3561A5144D8005DEA64 /* Project object */;
}
